
Microsoft Visual Studio Solution File, Format Version 12.00
# Visual Studio Version 17
VisualStudioVersion = 17.8.34408.163
MinimumVisualStudioVersion = 10.0.40219.1
Project("{FAE04EC0-301F-11D3-BF4B-00C04F79EFBC}") = "NewsApi", "NewsApi\NewsApi.csproj", "{92CAA791-4926-4CCC-9BC3-7501D0B04CCF}"
EndProject
Global
	GlobalSection(SolutionConfigurationPlatforms) = preSolution
		Debug|Any CPU = Debug|Any CPU
		Release|Any CPU = Release|Any CPU
	EndGlobalSection
	GlobalSection(ProjectConfigurationPlatforms) = postSolution
		{92CAA791-4926-4CCC-9BC3-7501D0B04CCF}.Debug|Any CPU.ActiveCfg = Debug|Any CPU
		{92CAA791-4926-4CCC-9BC3-7501D0B04CCF}.Debug|Any CPU.Build.0 = Debug|Any CPU
		{92CAA791-4926-4CCC-9BC3-7501D0B04CCF}.Release|Any CPU.ActiveCfg = Release|Any CPU
		{92CAA791-4926-4CCC-9BC3-7501D0B04CCF}.Release|Any CPU.Build.0 = Release|Any CPU
	EndGlobalSection
	GlobalSection(SolutionProperties) = preSolution
		HideSolutionNode = FALSE
	EndGlobalSection
	GlobalSection(ExtensibilityGlobals) = postSolution
		SolutionGuid = {45F473FB-A9E2-4CA8-81AD-365946F05616}
	EndGlobalSection
EndGlobal
